lockfileVersion: '9.0'

settings:
  autoInstallPeers: true
  excludeLinksFromLockfile: false

importers:

  .:
    devDependencies:
      dotenv:
        specifier: ^17.3.1
        version: 17.3.1
      tsx:
        specifier: ^4.20.6
        version: 4.21.0
      typescript:
        specifier: ^5.9.3
        version: 5.9.3

  apps/dev-console:
    dependencies:
      '@openkin/core':
        specifier: workspace:*
        version: link:../../packages/core
      '@openkin/shared-contracts':
        specifier: workspace:*
        version: link:../../packages/shared/contracts
    devDependencies:
      '@types/node':
        specifier: ^22.10.0
        version: 22.19.15

  packages/channel-core:
    dependencies:
      '@openkin/shared-contracts':
        specifier: workspace:*
        version: link:../shared/contracts

  packages/core:
    dependencies:
      '@modelcontextprotocol/sdk':
        specifier: ^1.29.0
        version: 1.29.0(zod@4.3.6)
      '@openkin/shared-contracts':
        specifier: workspace:*
        version: link:../shared/contracts

  packages/sdk/client:
    dependencies:
      '@openkin/shared-contracts':
        specifier: workspace:*
        version: link:../../shared/contracts

  packages/server:
    dependencies:
      '@openkin/core':
        specifier: workspace:*
        version: link:../core
      '@openkin/shared-contracts':
        specifier: workspace:*
        version: link:../shared/contracts
    devDependencies:
      '@types/node':
        specifier: ^22.10.0
        version: 22.19.15

  packages/shared/contracts: {}

packages:

  '@esbuild/aix-ppc64@0.27.4':
    resolution: {integrity: sha1-TFhQAvetaU04/g6Mv1z9k5zP8yc=, tarball: http://r.npm.sankuai.com/@esbuild/aix-ppc64/download/@esbuild/aix-ppc64-0.27.4.tgz}
    engines: {node: '>=18'}
    cpu: [ppc64]
    os: [aix]

  '@esbuild/android-arm64@0.27.4':
    resolution: {integrity: sha1-diXQlSw7QC0+3iA6Fsnyt4+KSCc=, tarball: http://r.npm.sankuai.com/@esbuild/android-arm64/download/@esbuild/android-arm64-0.27.4.tgz}
    engines: {node: '>=18'}
    cpu: [arm64]
    os: [android]

  '@esbuild/android-arm@0.27.4':
    resolution: {integrity: sha1-mgzx0SmX7Ebd37Ms5n6byoQjgaw=, tarball: http://r.npm.sankuai.com/@esbuild/android-arm/download/@esbuild/android-arm-0.27.4.tgz}
    engines: {node: '>=18'}
    cpu: [arm]
    os: [android]

  '@esbuild/android-x64@0.27.4':
    resolution: {integrity: sha1-BuH9xig/zNa8aq3WdUr85s+W9C4=, tarball: http://r.npm.sankuai.com/@esbuild/android-x64/download/@esbuild/android-x64-0.27.4.tgz}
    engines: {node: '>=18'}
    cpu: [x64]
    os: [android]

  '@esbuild/darwin-arm64@0.27.4':
    resolution: {integrity: sha1-bFUO5sAnO8sPrCREeP9yfCZ1XYA=, tarball: http://r.npm.sankuai.com/@esbuild/darwin-arm64/download/@esbuild/darwin-arm64-0.27.4.tgz}
    engines: {node: '>=18'}
    cpu: [arm64]
    os: [darwin]

  '@esbuild/darwin-x64@0.27.4':
    resolution: {integrity: sha1-7XoSXp8lzgCRua/3g+6UP2umy4Y=, tarball: http://r.npm.sankuai.com/@esbuild/darwin-x64/download/@esbuild/darwin-x64-0.27.4.tgz}
    engines: {node: '>=18'}
    cpu: [x64]
    os: [darwin]

  '@esbuild/freebsd-arm64@0.27.4':
    resolution: {integrity: sha1-WX3I5xYdunHbTBZWExwfHp12YMY=, tarball: http://r.npm.sankuai.com/@esbuild/freebsd-arm64/download/@esbuild/freebsd-arm64-0.27.4.tgz}
    engines: {node: '>=18'}
    cpu: [arm64]
    os: [freebsd]

  '@esbuild/freebsd-x64@0.27.4':
    resolution: {integrity: sha1-6hcfn08A76qOnT/ouqG3XXV9GzY=, tarball: http://r.npm.sankuai.com/@esbuild/freebsd-x64/download/@esbuild/freebsd-x64-0.27.4.tgz}
    engines: {node: '>=18'}
    cpu: [x64]
    os: [freebsd]

  '@esbuild/linux-arm64@0.27.4':
    resolution: {integrity: sha1-5S1X8gI2k4bm28szcKF6BJGrFGQ=, tarball: http://r.npm.sankuai.com/@esbuild/linux-arm64/download/@esbuild/linux-arm64-0.27.4.tgz}
    engines: {node: '>=18'}
    cpu: [arm64]
    os: [linux]

  '@esbuild/linux-arm@0.27.4':
    resolution: {integrity: sha1-XgwLY0kIrbzgoCzr66izrKwmP7Y=, tarball: http://r.npm.sankuai.com/@esbuild/linux-arm/download/@esbuild/linux-arm-0.27.4.tgz}
    engines: {node: '>=18'}
    cpu: [arm]
    os: [linux]

  '@esbuild/linux-ia32@0.27.4':
    resolution: {integrity: sha1-X5DwHxMWUkc+wGsDihTEloPhTsc=, tarball: http://r.npm.sankuai.com/@esbuild/linux-ia32/download/@esbuild/linux-ia32-0.27.4.tgz}
    engines: {node: '>=18'}
    cpu: [ia32]
    os: [linux]

  '@esbuild/linux-loong64@0.27.4':
    resolution: {integrity: sha1-Y7rP/bmVdMkxj5r70N1P/3aoN+M=, tarball: http://r.npm.sankuai.com/@esbuild/linux-loong64/download/@esbuild/linux-loong64-0.27.4.tgz}
    engines: {node: '>=18'}
    cpu: [loong64]
    os: [linux]

  '@esbuild/linux-mips64el@0.27.4':
    resolution: {integrity: sha1-xLaVLspqjv/2f+42caNTbI5nt+s=, tarball: http://r.npm.sankuai.com/@esbuild/linux-mips64el/download/@esbuild/linux-mips64el-0.27.4.tgz}
    engines: {node: '>=18'}
    cpu: [mips64el]
    os: [linux]

  '@esbuild/linux-ppc64@0.27.4':
    resolution: {integrity: sha1-bepn09mMaYbxt3aeTxhI5a5HrVg=, tarball: http://r.npm.sankuai.com/@esbuild/linux-ppc64/download/@esbuild/linux-ppc64-0.27.4.tgz}
    engines: {node: '>=18'}
    cpu: [ppc64]
    os: [linux]

  '@esbuild/linux-riscv64@0.27.4':
    resolution: {integrity: sha1-mtK0w8BQLGutqcgZl7tWxZeFNIk=, tarball: http://r.npm.sankuai.com/@esbuild/linux-riscv64/download/@esbuild/linux-riscv64-0.27.4.tgz}
    engines: {node: '>=18'}
    cpu: [riscv64]
    os: [linux]

  '@esbuild/linux-s390x@0.27.4':
    resolution: {integrity: sha1-xD08/QcwQspvXFK7m8MT7SBmzig=, tarball: http://r.npm.sankuai.com/@esbuild/linux-s390x/download/@esbuild/linux-s390x-0.27.4.tgz}
    engines: {node: '>=18'}
    cpu: [s390x]
    os: [linux]

  '@esbuild/linux-x64@0.27.4':
    resolution: {integrity: sha1-RfoXPgWRrHTYDTz3ZwRxPhTipKY=, tarball: http://r.npm.sankuai.com/@esbuild/linux-x64/download/@esbuild/linux-x64-0.27.4.tgz}
    engines: {node: '>=18'}
    cpu: [x64]
    os: [linux]

  '@esbuild/netbsd-arm64@0.27.4':
    resolution: {integrity: sha1-NmsO9AzbmG/HUcva0W6MJf4bqHk=, tarball: http://r.npm.sankuai.com/@esbuild/netbsd-arm64/download/@esbuild/netbsd-arm64-0.27.4.tgz}
    engines: {node: '>=18'}
    cpu: [arm64]
    os: [netbsd]

  '@esbuild/netbsd-x64@0.27.4':
    resolution: {integrity: sha1-6YXUmjZo/SBENDBx1S4a6BURKz4=, tarball: http://r.npm.sankuai.com/@esbuild/netbsd-x64/download/@esbuild/netbsd-x64-0.27.4.tgz}
    engines: {node: '>=18'}
    cpu: [x64]
    os: [netbsd]

  '@esbuild/openbsd-arm64@0.27.4':
    resolution: {integrity: sha1-b7Sre3P35Vcs5eyc+RwT/23USEI=, tarball: http://r.npm.sankuai.com/@esbuild/openbsd-arm64/download/@esbuild/openbsd-arm64-0.27.4.tgz}
    engines: {node: '>=18'}
    cpu: [arm64]
    os: [openbsd]

  '@esbuild/openbsd-x64@0.27.4':
    resolution: {integrity: sha1-ZB8FIECg15hD1oiY9XkWOKAm2YM=, tarball: http://r.npm.sankuai.com/@esbuild/openbsd-x64/download/@esbuild/openbsd-x64-0.27.4.tgz}
    engines: {node: '>=18'}
    cpu: [x64]
    os: [openbsd]

  '@esbuild/openharmony-arm64@0.27.4':
    resolution: {integrity: sha1-/B0z6snYGuCkM7PtHdYXGiDU4xc=, tarball: http://r.npm.sankuai.com/@esbuild/openharmony-arm64/download/@esbuild/openharmony-arm64-0.27.4.tgz}
    engines: {node: '>=18'}
    cpu: [arm64]
    os: [openharmony]

  '@esbuild/sunos-x64@0.27.4':
    resolution: {integrity: sha1-ryzVyoQtbQVxIfZqGS1PeX3ij1M=, tarball: http://r.npm.sankuai.com/@esbuild/sunos-x64/download/@esbuild/sunos-x64-0.27.4.tgz}
    engines: {node: '>=18'}
    cpu: [x64]
    os: [sunos]

  '@esbuild/win32-arm64@0.27.4':
    resolution: {integrity: sha1-eOx+WbsGQEWD1MlRHmIdsxx2DeM=, tarball: http://r.npm.sankuai.com/@esbuild/win32-arm64/download/@esbuild/win32-arm64-0.27.4.tgz}
    engines: {node: '>=18'}
    cpu: [arm64]
    os: [win32]

  '@esbuild/win32-ia32@0.27.4':
    resolution: {integrity: sha1-DmFqpIi37l0lkqsHD/nsBqn93xE=, tarball: http://r.npm.sankuai.com/@esbuild/win32-ia32/download/@esbuild/win32-ia32-0.27.4.tgz}
    engines: {node: '>=18'}
    cpu: [ia32]
    os: [win32]

  '@esbuild/win32-x64@0.27.4':
    resolution: {integrity: sha1-H3unGj1hVdRKb6qNviScYqs+QIw=, tarball: http://r.npm.sankuai.com/@esbuild/win32-x64/download/@esbuild/win32-x64-0.27.4.tgz}
    engines: {node: '>=18'}
    cpu: [x64]
    os: [win32]

  '@hono/node-server@1.19.12':
    resolution: {integrity: sha1-2uB1JHlZttfS26TIvcjEUsoMe0A=, tarball: http://r.npm.sankuai.com/@hono/node-server/download/@hono/node-server-1.19.12.tgz}
    engines: {node: '>=18.14.1'}
    peerDependencies:
      hono: ^4

  '@modelcontextprotocol/sdk@1.29.0':
    resolution: {integrity: sha1-eXhti1JeJp3oUKyCsfH3V/ORX0Q=, tarball: http://r.npm.sankuai.com/@modelcontextprotocol/sdk/download/@modelcontextprotocol/sdk-1.29.0.tgz}
    engines: {node: '>=18'}
    peerDependencies:
      '@cfworker/json-schema': ^4.1.1
      zod: ^3.25 || ^4.0
    peerDependenciesMeta:
      '@cfworker/json-schema':
        optional: true

  '@types/node@22.19.15':
    resolution: {integrity: sha1-YJHZn998CMtX3IsTRdQHupod9XY=, tarball: http://r.npm.sankuai.com/@types/node/download/@types/node-22.19.15.tgz}

  accepts@2.0.0:
    resolution: {integrity: sha1-u89LpQdUZ/PyEx6rPP/HPC9deJU=, tarball: http://r.npm.sankuai.com/accepts/download/accepts-2.0.0.tgz}
    engines: {node: '>= 0.6'}

  ajv-formats@3.0.1:
    resolution: {integrity: sha1-PV3HYryhdnnDwup+kK1rdTIwlXg=, tarball: http://r.npm.sankuai.com/ajv-formats/download/ajv-formats-3.0.1.tgz}
    peerDependencies:
      ajv: ^8.0.0
    peerDependenciesMeta:
      ajv:
        optional: true

  ajv@8.18.0:
    resolution: {integrity: sha1-iGQYa2c40APrOpMxcrs4M+EM77w=, tarball: http://r.npm.sankuai.com/ajv/download/ajv-8.18.0.tgz}

  body-parser@2.2.2:
    resolution: {integrity: sha1-GjLNuWa+r2jeUKnfvltY+Dy4iQw=, tarball: http://r.npm.sankuai.com/body-parser/download/body-parser-2.2.2.tgz}
    engines: {node: '>=18'}

  bytes@3.1.2:
    resolution: {integrity: sha1-iwvuuYYFrfGxKPpDhkA8AJ4CIaU=, tarball: http://r.npm.sankuai.com/bytes/download/bytes-3.1.2.tgz}
    engines: {node: '>= 0.8'}

  call-bind-apply-helpers@1.0.2:
    resolution: {integrity: sha1-S1QowiK+mF15w9gmV0edvgtZstY=, tarball: http://r.npm.sankuai.com/call-bind-apply-helpers/download/call-bind-apply-helpers-1.0.2.tgz}
    engines: {node: '>= 0.4'}

  call-bound@1.0.4:
    resolution: {integrity: sha1-I43pNdKippKSjFOMfM+pEGf9Bio=, tarball: http://r.npm.sankuai.com/call-bound/download/call-bound-1.0.4.tgz}
    engines: {node: '>= 0.4'}

  content-disposition@1.0.1:
    resolution: {integrity: sha1-qLe76ykEvv37Z4flwMCGlZ9gX5s=, tarball: http://r.npm.sankuai.com/content-disposition/download/content-disposition-1.0.1.tgz}
    engines: {node: '>=18'}

  content-type@1.0.5:
    resolution: {integrity: sha1-i3cxYmVtHRCGeEyPI6VM5tc9eRg=, tarball: http://r.npm.sankuai.com/content-type/download/content-type-1.0.5.tgz}
    engines: {node: '>= 0.6'}

  cookie-signature@1.2.2:
    resolution: {integrity: sha1-V8f8PMKTrKuf7FTXPhVpDr5KF5M=, tarball: http://r.npm.sankuai.com/cookie-signature/download/cookie-signature-1.2.2.tgz}
    engines: {node: '>=6.6.0'}

  cookie@0.7.2:
    resolution: {integrity: sha1-VWNpxHKiupEPKXmJG1JrNDYjftc=, tarball: http://r.npm.sankuai.com/cookie/download/cookie-0.7.2.tgz}
    engines: {node: '>= 0.6'}

  cors@2.8.6:
    resolution: {integrity: sha1-/13Wm9leVHUDgg0pq6T4+vjf7JY=, tarball: http://r.npm.sankuai.com/cors/download/cors-2.8.6.tgz}
    engines: {node: '>= 0.10'}

  cross-spawn@7.0.6:
    resolution: {integrity: sha1-ilj+ePANzXDDcEUXWd+/rwPo7p8=, tarball: http://r.npm.sankuai.com/cross-spawn/download/cross-spawn-7.0.6.tgz}
    engines: {node: '>= 8'}

  debug@4.4.3:
    resolution: {integrity: sha1-xq5DLZvZZiWC/OCHCbA4xY6ePWo=, tarball: http://r.npm.sankuai.com/debug/download/debug-4.4.3.tgz}
    engines: {node: '>=6.0'}
    peerDependencies:
      supports-color: '*'
    peerDependenciesMeta:
      supports-color:
        optional: true

  depd@2.0.0:
    resolution: {integrity: sha1-tpYWPMdXVg0JzyLMj60Vcbeedt8=, tarball: http://r.npm.sankuai.com/depd/download/depd-2.0.0.tgz}
    engines: {node: '>= 0.8'}

  dotenv@17.3.1:
    resolution: {integrity: sha1-Jwb1sBZeRaFQM0gYe4Ro+H/mquI=, tarball: http://r.npm.sankuai.com/dotenv/download/dotenv-17.3.1.tgz}
    engines: {node: '>=12'}

  dunder-proto@1.0.1:
    resolution: {integrity: sha1-165mfh3INIL4tw/Q9u78UNow9Yo=, tarball: http://r.npm.sankuai.com/dunder-proto/download/dunder-proto-1.0.1.tgz}
    engines: {node: '>= 0.4'}

  ee-first@1.1.1:
    resolution: {integrity: sha1-WQxhFWsK4vTwJVcyoViyZrxWsh0=, tarball: http://r.npm.sankuai.com/ee-first/download/ee-first-1.1.1.tgz}

  encodeurl@2.0.0:
    resolution: {integrity: sha1-e46omAd9fkCdOsRUdOo46vCFelg=, tarball: http://r.npm.sankuai.com/encodeurl/download/encodeurl-2.0.0.tgz}
    engines: {node: '>= 0.8'}

  es-define-property@1.0.1:
    resolution: {integrity: sha1-mD6y+aZyTpMD9hrd8BHHLgngsPo=, tarball: http://r.npm.sankuai.com/es-define-property/download/es-define-property-1.0.1.tgz}
    engines: {node: '>= 0.4'}

  es-errors@1.3.0:
    resolution: {integrity: sha1-BfdaJdq5jk+x3NXhRywFRtUFfI8=, tarball: http://r.npm.sankuai.com/es-errors/download/es-errors-1.3.0.tgz}
    engines: {node: '>= 0.4'}

  es-object-atoms@1.1.1:
    resolution: {integrity: sha1-HE8sSDcydZfOadLKGQp/3RcjOME=, tarball: http://r.npm.sankuai.com/es-object-atoms/download/es-object-atoms-1.1.1.tgz}
    engines: {node: '>= 0.4'}

  esbuild@0.27.4:
    resolution: {integrity: sha1-uVkd1+CrgDoRycO2AoUEA77yLwA=, tarball: http://r.npm.sankuai.com/esbuild/download/esbuild-0.27.4.tgz}
    engines: {node: '>=18'}
    hasBin: true

  escape-html@1.0.3:
    resolution: {integrity: sha1-Aljq5NPQwJdN4cFpGI7wBR0dGYg=, tarball: http://r.npm.sankuai.com/escape-html/download/escape-html-1.0.3.tgz}

  etag@1.8.1:
    resolution: {integrity: sha1-Qa4u62XvpiJorr/qg6x9eSmbCIc=, tarball: http://r.npm.sankuai.com/etag/download/etag-1.8.1.tgz}
    engines: {node: '>= 0.6'}

  eventsource-parser@3.0.6:
    resolution: {integrity: sha1-KS4WXjTKy8k2w8knGe8ybUrrTpA=, tarball: http://r.npm.sankuai.com/eventsource-parser/download/eventsource-parser-3.0.6.tgz}
    engines: {node: '>=18.0.0'}

  eventsource@3.0.7:
    resolution: {integrity: sha1-EVdiLi9Td7tq7yEUNycougwVaYk=, tarball: http://r.npm.sankuai.com/eventsource/download/eventsource-3.0.7.tgz}
    engines: {node: '>=18.0.0'}

  express-rate-limit@8.3.1:
    resolution: {integrity: sha1-CqugmOrdQPZzfzCpjmsW+hop7fs=, tarball: http://r.npm.sankuai.com/express-rate-limit/download/express-rate-limit-8.3.1.tgz}
    engines: {node: '>= 16'}
    peerDependencies:
      express: '>= 4.11'

  express@5.2.1:
    resolution: {integrity: sha1-jyHRW20yf5K0eU7PjLCKcvlWrAQ=, tarball: http://r.npm.sankuai.com/express/download/express-5.2.1.tgz}
    engines: {node: '>= 18'}

  fast-deep-equal@3.1.3:
    resolution: {integrity: sha1-On1WtVnWy8PrUSMlJE5hmmXGxSU=, tarball: http://r.npm.sankuai.com/fast-deep-equal/download/fast-deep-equal-3.1.3.tgz}

  fast-uri@3.1.0:
    resolution: {integrity: sha1-Zu7P9sdkwN+bdi5iyn7c+1O07fo=, tarball: http://r.npm.sankuai.com/fast-uri/download/fast-uri-3.1.0.tgz}

  finalhandler@2.1.1:
    resolution: {integrity: sha1-osUXplWYUrzbBtH4vX9Rto+tgJk=, tarball: http://r.npm.sankuai.com/finalhandler/download/finalhandler-2.1.1.tgz}
    engines: {node: '>= 18.0.0'}

  forwarded@0.2.0:
    resolution: {integrity: sha1-ImmTZCiq1MFcfr6XeahL8LKoGBE=, tarball: http://r.npm.sankuai.com/forwarded/download/forwarded-0.2.0.tgz}
    engines: {node: '>= 0.6'}

  fresh@2.0.0:
    resolution: {integrity: sha1-jdffahs6Gzpc8YbAWl3SZ2ImNaQ=, tarball: http://r.npm.sankuai.com/fresh/download/fresh-2.0.0.tgz}
    engines: {node: '>= 0.8'}

  fsevents@2.3.3:
    resolution: {integrity: sha1-ysZAd4XQNnWipeGlMFxpezR9kNY=, tarball: http://r.npm.sankuai.com/fsevents/download/fsevents-2.3.3.tgz}
    engines: {node: ^8.16.0 || ^10.6.0 || >=11.0.0}
    os: [darwin]

  function-bind@1.1.2:
    resolution: {integrity: sha1-LALYZNl/PqbIgwxGTL0Rq26rehw=, tarball: http://r.npm.sankuai.com/function-bind/download/function-bind-1.1.2.tgz}

  get-intrinsic@1.3.0:
    resolution: {integrity: sha1-dD8OO2lkqTpUke0b/6rgVNf5jQE=, tarball: http://r.npm.sankuai.com/get-intrinsic/download/get-intrinsic-1.3.0.tgz}
    engines: {node: '>= 0.4'}

  get-proto@1.0.1:
    resolution: {integrity: sha1-FQs/J0OGnvPoUewMSdFbHRTQDuE=, tarball: http://r.npm.sankuai.com/get-proto/download/get-proto-1.0.1.tgz}
    engines: {node: '>= 0.4'}

  get-tsconfig@4.13.7:
    resolution: {integrity: sha1-udixmbBgM87uoak99+pXZUFQibw=, tarball: http://r.npm.sankuai.com/get-tsconfig/download/get-tsconfig-4.13.7.tgz}

  gopd@1.2.0:
    resolution: {integrity: sha1-ifVrghe9vIgCvSmd9tfxCB1+UaE=, tarball: http://r.npm.sankuai.com/gopd/download/gopd-1.2.0.tgz}
    engines: {node: '>= 0.4'}

  has-symbols@1.1.0:
    resolution: {integrity: sha1-/JxqeDoISVHQuXH+EBjegTcHozg=, tarball: http://r.npm.sankuai.com/has-symbols/download/has-symbols-1.1.0.tgz}
    engines: {node: '>= 0.4'}

  hasown@2.0.2:
    resolution: {integrity: sha1-AD6vkb563DcuhOxZ3DclLO24AAM=, tarball: http://r.npm.sankuai.com/hasown/download/hasown-2.0.2.tgz}
    engines: {node: '>= 0.4'}

  hono@4.12.10:
    resolution: {integrity: sha1-HZW9Wz0v0MdehHJaCHrFChbti54=, tarball: http://r.npm.sankuai.com/hono/download/hono-4.12.10.tgz}
    engines: {node: '>=16.9.0'}

  http-errors@2.0.1:
    resolution: {integrity: sha1-NtL2W8kJyHkAGN02+02T2myq4Gs=, tarball: http://r.npm.sankuai.com/http-errors/download/http-errors-2.0.1.tgz}
    engines: {node: '>= 0.8'}

  iconv-lite@0.7.2:
    resolution: {integrity: sha1-0L3qw/ErSDW3NZwq2JxCKk0cxy4=, tarball: http://r.npm.sankuai.com/iconv-lite/download/iconv-lite-0.7.2.tgz}
    engines: {node: '>=0.10.0'}

  inherits@2.0.4:
    resolution: {integrity: sha1-D6LGT5MpF8NDOg3tVTY6rjdBa3w=, tarball: http://r.npm.sankuai.com/inherits/download/inherits-2.0.4.tgz}

  ip-address@10.1.0:
    resolution: {integrity: sha1-2Nz/s00OAuskFCdESm4j9bBZWqQ=, tarball: http://r.npm.sankuai.com/ip-address/download/ip-address-10.1.0.tgz}
    engines: {node: '>= 12'}

  ipaddr.js@1.9.1:
    resolution: {integrity: sha1-v/OFQ+64mEglB5/zoqjmy9RngbM=, tarball: http://r.npm.sankuai.com/ipaddr.js/download/ipaddr.js-1.9.1.tgz}
    engines: {node: '>= 0.10'}

  is-promise@4.0.0:
    resolution: {integrity: sha1-Qv+fhCBsGZHSbev1IN1cAQQt0vM=, tarball: http://r.npm.sankuai.com/is-promise/download/is-promise-4.0.0.tgz}

  isexe@2.0.0:
    resolution: {integrity: sha1-6PvzdNxVb/iUehDcsFctYz8s+hA=, tarball: http://r.npm.sankuai.com/isexe/download/isexe-2.0.0.tgz}

  jose@6.2.2:
    resolution: {integrity: sha1-1rUnm4mz6I1THCAuP741HzmkSqw=, tarball: http://r.npm.sankuai.com/jose/download/jose-6.2.2.tgz}

  json-schema-traverse@1.0.0:
    resolution: {integrity: sha1-rnvLNlard6c7pcSb9lTzjmtoYOI=, tarball: http://r.npm.sankuai.com/json-schema-traverse/download/json-schema-traverse-1.0.0.tgz}

  json-schema-typed@8.0.2:
    resolution: {integrity: sha1-6Y7nsYmf9KGEU00fFnwojGa77/Q=, tarball: http://r.npm.sankuai.com/json-schema-typed/download/json-schema-typed-8.0.2.tgz}

  math-intrinsics@1.1.0:
    resolution: {integrity: sha1-oN10voHiqlwvJ+Zc4oNgXuTit/k=, tarball: http://r.npm.sankuai.com/math-intrinsics/download/math-intrinsics-1.1.0.tgz}
    engines: {node: '>= 0.4'}

  media-typer@1.1.0:
    resolution: {integrity: sha1-ardLjy0zIPIGSyqHo455Mf86VWE=, tarball: http://r.npm.sankuai.com/media-typer/download/media-typer-1.1.0.tgz}
    engines: {node: '>= 0.8'}

  merge-descriptors@2.0.0:
    resolution: {integrity: sha1-6pIvZgY1oiSe5WXgRJ+VHmtgOAg=, tarball: http://r.npm.sankuai.com/merge-descriptors/download/merge-descriptors-2.0.0.tgz}
    engines: {node: '>=18'}

  mime-db@1.54.0:
    resolution: {integrity: sha1-zds+5PnGRTDf9kAjZmHULLajFPU=, tarball: http://r.npm.sankuai.com/mime-db/download/mime-db-1.54.0.tgz}
    engines: {node: '>= 0.6'}

  mime-types@3.0.2:
    resolution: {integrity: sha1-OQAtQYJXXVrwNv+hGBAPJSSy4qs=, tarball: http://r.npm.sankuai.com/mime-types/download/mime-types-3.0.2.tgz}
    engines: {node: '>=18'}

  ms@2.1.3:
    resolution: {integrity: sha1-V0yBOM4dK1hh8LRFedut1gxmFbI=, tarball: http://r.npm.sankuai.com/ms/download/ms-2.1.3.tgz}

  negotiator@1.0.0:
    resolution: {integrity: sha1-tskbtHFy1p+Tz9fDV7u1KQGbX2o=, tarball: http://r.npm.sankuai.com/negotiator/download/negotiator-1.0.0.tgz}
    engines: {node: '>= 0.6'}

  object-assign@4.1.1:
    resolution: {integrity: sha1-IQmtx5ZYh8/AXLvUQsrIv7s2CGM=, tarball: http://r.npm.sankuai.com/object-assign/download/object-assign-4.1.1.tgz}
    engines: {node: '>=0.10.0'}

  object-inspect@1.13.4:
    resolution: {integrity: sha1-g3UmXiG8IND6WCwi4bE0hdbgAhM=, tarball: http://r.npm.sankuai.com/object-inspect/download/object-inspect-1.13.4.tgz}
    engines: {node: '>= 0.4'}

  on-finished@2.4.1:
    resolution: {integrity: sha1-WMjEQRblSEWtV/FKsQsDUzGErD8=, tarball: http://r.npm.sankuai.com/on-finished/download/on-finished-2.4.1.tgz}
    engines: {node: '>= 0.8'}

  once@1.4.0:
    resolution: {integrity: sha1-WDsap3WWHUsROsF9nFC6753Xa9E=, tarball: http://r.npm.sankuai.com/once/download/once-1.4.0.tgz}

  parseurl@1.3.3:
    resolution: {integrity: sha1-naGee+6NEt/wUT7Vt2lXeTvC6NQ=, tarball: http://r.npm.sankuai.com/parseurl/download/parseurl-1.3.3.tgz}
    engines: {node: '>= 0.8'}

  path-key@3.1.1:
    resolution: {integrity: sha1-WB9q3mWMu6ZaDTOA3ndTKVBU83U=, tarball: http://r.npm.sankuai.com/path-key/download/path-key-3.1.1.tgz}
    engines: {node: '>=8'}

  path-to-regexp@8.4.1:
    resolution: {integrity: sha1-Hb6cNANnpENA5bwRT1FbVschDxk=, tarball: http://r.npm.sankuai.com/path-to-regexp/download/path-to-regexp-8.4.1.tgz}

  pkce-challenge@5.0.1:
    resolution: {integrity: sha1-O0RGhlsXsXRems4gFqMfSN32Iw0=, tarball: http://r.npm.sankuai.com/pkce-challenge/download/pkce-challenge-5.0.1.tgz}
    engines: {node: '>=16.20.0'}

  proxy-addr@2.0.7:
    resolution: {integrity: sha1-8Z/mnOqzEe65S0LnDowgcPm6ECU=, tarball: http://r.npm.sankuai.com/proxy-addr/download/proxy-addr-2.0.7.tgz}
    engines: {node: '>= 0.10'}

  qs@6.15.0:
    resolution: {integrity: sha1-24/V0bHS1rWzOtr4dCmAXxkJ57M=, tarball: http://r.npm.sankuai.com/qs/download/qs-6.15.0.tgz}
    engines: {node: '>=0.6'}

  range-parser@1.2.1:
    resolution: {integrity: sha1-PPNwI9GZ4cJNGlW4SADC8+ZGgDE=, tarball: http://r.npm.sankuai.com/range-parser/download/range-parser-1.2.1.tgz}
    engines: {node: '>= 0.6'}

  raw-body@3.0.2:
    resolution: {integrity: sha1-PjraWuVWj5CV2EN2/TpJuPsAClE=, tarball: http://r.npm.sankuai.com/raw-body/download/raw-body-3.0.2.tgz}
    engines: {node: '>= 0.10'}

  require-from-string@2.0.2:
    resolution: {integrity: sha1-iaf92TgmEmcxjq/hT5wy5ZjDaQk=, tarball: http://r.npm.sankuai.com/require-from-string/download/require-from-string-2.0.2.tgz}
    engines: {node: '>=0.10.0'}

  resolve-pkg-maps@1.0.0:
    resolution: {integrity: sha1-YWs9wsVwVrVYjDHN9LPWTbEzcg8=, tarball: http://r.npm.sankuai.com/resolve-pkg-maps/download/resolve-pkg-maps-1.0.0.tgz}

  router@2.2.0:
    resolution: {integrity: sha1-AZvmILcRyHZBFnzHm5kJDwCxRu8=, tarball: http://r.npm.sankuai.com/router/download/router-2.2.0.tgz}
    engines: {node: '>= 18'}

  safer-buffer@2.1.2:
    resolution: {integrity: sha1-RPoWGwGHuVSd2Eu5GAL5vYOFzWo=, tarball: http://r.npm.sankuai.com/safer-buffer/download/safer-buffer-2.1.2.tgz}

  send@1.2.1:
    resolution: {integrity: sha1-nqt0O4dPNVD0CiaGe/KGrWDT8+0=, tarball: http://r.npm.sankuai.com/send/download/send-1.2.1.tgz}
    engines: {node: '>= 18'}

  serve-static@2.2.1:
    resolution: {integrity: sha1-fxhqSk5fW2Y616QpT/G/N88OmKk=, tarball: http://r.npm.sankuai.com/serve-static/download/serve-static-2.2.1.tgz}
    engines: {node: '>= 18'}

  setprototypeof@1.2.0:
    resolution: {integrity: sha1-ZsmiSnP5/CjL5msJ/tPTPcrxtCQ=, tarball: http://r.npm.sankuai.com/setprototypeof/download/setprototypeof-1.2.0.tgz}

  shebang-command@2.0.0:
    resolution: {integrity: sha1-zNCvT4g1+9wmW4JGGq8MNmY/NOo=, tarball: http://r.npm.sankuai.com/shebang-command/download/shebang-command-2.0.0.tgz}
    engines: {node: '>=8'}

  shebang-regex@3.0.0:
    resolution: {integrity: sha1-rhbxZE2HPsrYQ7AwexQzYtTEIXI=, tarball: http://r.npm.sankuai.com/shebang-regex/download/shebang-regex-3.0.0.tgz}
    engines: {node: '>=8'}

  side-channel-list@1.0.0:
    resolution: {integrity: sha1-EMtZhCYxFdO3oOM2WR4pCoMK+K0=, tarball: http://r.npm.sankuai.com/side-channel-list/download/side-channel-list-1.0.0.tgz}
    engines: {node: '>= 0.4'}

  side-channel-map@1.0.1:
    resolution: {integrity: sha1-1rtrN5Asb+9RdOX1M/q0xzKib0I=, tarball: http://r.npm.sankuai.com/side-channel-map/download/side-channel-map-1.0.1.tgz}
    engines: {node: '>= 0.4'}

  side-channel-weakmap@1.0.2:
    resolution: {integrity: sha1-Ed2hnVNo5Azp7CvcH7DsvAeQ7Oo=, tarball: http://r.npm.sankuai.com/side-channel-weakmap/download/side-channel-weakmap-1.0.2.tgz}
    engines: {node: '>= 0.4'}

  side-channel@1.1.0:
    resolution: {integrity: sha1-w/z/nE2pMnhIczNeyXZfqU/2a8k=, tarball: http://r.npm.sankuai.com/side-channel/download/side-channel-1.1.0.tgz}
    engines: {node: '>= 0.4'}

  statuses@2.0.2:
    resolution: {integrity: sha1-j3XuzvdlteHPzcCA2llAntQk44I=, tarball: http://r.npm.sankuai.com/statuses/download/statuses-2.0.2.tgz}
    engines: {node: '>= 0.8'}

  toidentifier@1.0.1:
    resolution: {integrity: sha1-O+NDIaiKgg7RvYDfqjPkefu43TU=, tarball: http://r.npm.sankuai.com/toidentifier/download/toidentifier-1.0.1.tgz}
    engines: {node: '>=0.6'}

  tsx@4.21.0:
    resolution: {integrity: sha1-Mqps8XSB4zb3Vhleb+BNrj5jCLE=, tarball: http://r.npm.sankuai.com/tsx/download/tsx-4.21.0.tgz}
    engines: {node: '>=18.0.0'}
    hasBin: true

  type-is@2.0.1:
    resolution: {integrity: sha1-ZPbPA/kvzkAVwrIkeT9r3UsGjJc=, tarball: http://r.npm.sankuai.com/type-is/download/type-is-2.0.1.tgz}
    engines: {node: '>= 0.6'}

  typescript@5.9.3:
    resolution: {integrity: sha1-W09Z4VMQqxeiFvXWz1PuR27eZw8=, tarball: http://r.npm.sankuai.com/typescript/download/typescript-5.9.3.tgz}
    engines: {node: '>=14.17'}
    hasBin: true

  undici-types@6.21.0:
    resolution: {integrity: sha1-aR0ArzkJvpOn+qE75hs6W1DvEss=, tarball: http://r.npm.sankuai.com/undici-types/download/undici-types-6.21.0.tgz}

  unpipe@1.0.0:
    resolution: {integrity: sha1-sr9O6FFKrmFltIF4KdIbLvSZBOw=, tarball: http://r.npm.sankuai.com/unpipe/download/unpipe-1.0.0.tgz}
    engines: {node: '>= 0.8'}

  vary@1.1.2:
    resolution: {integrity: sha1-IpnwLG3tMNSllhsLn3RSShj2NPw=, tarball: http://r.npm.sankuai.com/vary/download/vary-1.1.2.tgz}
    engines: {node: '>= 0.8'}

  which@2.0.2:
    resolution: {integrity: sha1-fGqN0KY2oDJ+ELWckobu6T8/UbE=, tarball: http://r.npm.sankuai.com/which/download/which-2.0.2.tgz}
    engines: {node: '>= 8'}
    hasBin: true

  wrappy@1.0.2:
    resolution: {integrity: sha1-tSQ9jz7BqjXxNkYFvA0QNuMKtp8=, tarball: http://r.npm.sankuai.com/wrappy/download/wrappy-1.0.2.tgz}

  zod-to-json-schema@3.25.2:
    resolution: {integrity: sha1-P6eZp7rdVUVBRy+2WEP9xGCy5ao=, tarball: http://r.npm.sankuai.com/zod-to-json-schema/download/zod-to-json-schema-3.25.2.tgz}
    peerDependencies:
      zod: ^3.25.28 || ^4

  zod@4.3.6:
    resolution: {integrity: sha1-icVuCqfSsFEH2JRBIicIeIWrESo=, tarball: http://r.npm.sankuai.com/zod/download/zod-4.3.6.tgz}

snapshots:

  '@esbuild/aix-ppc64@0.27.4':
    optional: true

  '@esbuild/android-arm64@0.27.4':
    optional: true

  '@esbuild/android-arm@0.27.4':
    optional: true

  '@esbuild/android-x64@0.27.4':
    optional: true

  '@esbuild/darwin-arm64@0.27.4':
    optional: true

  '@esbuild/darwin-x64@0.27.4':
    optional: true

  '@esbuild/freebsd-arm64@0.27.4':
    optional: true

  '@esbuild/freebsd-x64@0.27.4':
    optional: true

  '@esbuild/linux-arm64@0.27.4':
    optional: true

  '@esbuild/linux-arm@0.27.4':
    optional: true

  '@esbuild/linux-ia32@0.27.4':
    optional: true

  '@esbuild/linux-loong64@0.27.4':
    optional: true

  '@esbuild/linux-mips64el@0.27.4':
    optional: true

  '@esbuild/linux-ppc64@0.27.4':
    optional: true

  '@esbuild/linux-riscv64@0.27.4':
    optional: true

  '@esbuild/linux-s390x@0.27.4':
    optional: true

  '@esbuild/linux-x64@0.27.4':
    optional: true

  '@esbuild/netbsd-arm64@0.27.4':
    optional: true

  '@esbuild/netbsd-x64@0.27.4':
    optional: true

  '@esbuild/openbsd-arm64@0.27.4':
    optional: true

  '@esbuild/openbsd-x64@0.27.4':
    optional: true

  '@esbuild/openharmony-arm64@0.27.4':
    optional: true

  '@esbuild/sunos-x64@0.27.4':
    optional: true

  '@esbuild/win32-arm64@0.27.4':
    optional: true

  '@esbuild/win32-ia32@0.27.4':
    optional: true

  '@esbuild/win32-x64@0.27.4':
    optional: true

  '@hono/node-server@1.19.12(hono@4.12.10)':
    dependencies:
      hono: 4.12.10

  '@modelcontextprotocol/sdk@1.29.0(zod@4.3.6)':
    dependencies:
      '@hono/node-server': 1.19.12(hono@4.12.10)
      ajv: 8.18.0
      ajv-formats: 3.0.1(ajv@8.18.0)
      content-type: 1.0.5
      cors: 2.8.6
      cross-spawn: 7.0.6
      eventsource: 3.0.7
      eventsource-parser: 3.0.6
      express: 5.2.1
      express-rate-limit: 8.3.1(express@5.2.1)
      hono: 4.12.10
      jose: 6.2.2
      json-schema-typed: 8.0.2
      pkce-challenge: 5.0.1
      raw-body: 3.0.2
      zod: 4.3.6
      zod-to-json-schema: 3.25.2(zod@4.3.6)
    transitivePeerDependencies:
      - supports-color

  '@types/node@22.19.15':
    dependencies:
      undici-types: 6.21.0

  accepts@2.0.0:
    dependencies:
      mime-types: 3.0.2
      negotiator: 1.0.0

  ajv-formats@3.0.1(ajv@8.18.0):
    optionalDependencies:
      ajv: 8.18.0

  ajv@8.18.0:
    dependencies:
      fast-deep-equal: 3.1.3
      fast-uri: 3.1.0
      json-schema-traverse: 1.0.0
      require-from-string: 2.0.2

  body-parser@2.2.2:
    dependencies:
      bytes: 3.1.2
      content-type: 1.0.5
      debug: 4.4.3
      http-errors: 2.0.1
      iconv-lite: 0.7.2
      on-finished: 2.4.1
      qs: 6.15.0
      raw-body: 3.0.2
      type-is: 2.0.1
    transitivePeerDependencies:
      - supports-color

  bytes@3.1.2: {}

  call-bind-apply-helpers@1.0.2:
    dependencies:
      es-errors: 1.3.0
      function-bind: 1.1.2

  call-bound@1.0.4:
    dependencies:
      call-bind-apply-helpers: 1.0.2
      get-intrinsic: 1.3.0

  content-disposition@1.0.1: {}

  content-type@1.0.5: {}

  cookie-signature@1.2.2: {}

  cookie@0.7.2: {}

  cors@2.8.6:
    dependencies:
      object-assign: 4.1.1
      vary: 1.1.2

  cross-spawn@7.0.6:
    dependencies:
      path-key: 3.1.1
      shebang-command: 2.0.0
      which: 2.0.2

  debug@4.4.3:
    dependencies:
      ms: 2.1.3

  depd@2.0.0: {}

  dotenv@17.3.1: {}

  dunder-proto@1.0.1:
    dependencies:
      call-bind-apply-helpers: 1.0.2
      es-errors: 1.3.0
      gopd: 1.2.0

  ee-first@1.1.1: {}

  encodeurl@2.0.0: {}

  es-define-property@1.0.1: {}

  es-errors@1.3.0: {}

  es-object-atoms@1.1.1:
    dependencies:
      es-errors: 1.3.0

  esbuild@0.27.4:
    optionalDependencies:
      '@esbuild/aix-ppc64': 0.27.4
      '@esbuild/android-arm': 0.27.4
      '@esbuild/android-arm64': 0.27.4
      '@esbuild/android-x64': 0.27.4
      '@esbuild/darwin-arm64': 0.27.4
      '@esbuild/darwin-x64': 0.27.4
      '@esbuild/freebsd-arm64': 0.27.4
      '@esbuild/freebsd-x64': 0.27.4
      '@esbuild/linux-arm': 0.27.4
      '@esbuild/linux-arm64': 0.27.4
      '@esbuild/linux-ia32': 0.27.4
      '@esbuild/linux-loong64': 0.27.4
      '@esbuild/linux-mips64el': 0.27.4
      '@esbuild/linux-ppc64': 0.27.4
      '@esbuild/linux-riscv64': 0.27.4
      '@esbuild/linux-s390x': 0.27.4
      '@esbuild/linux-x64': 0.27.4
      '@esbuild/netbsd-arm64': 0.27.4
      '@esbuild/netbsd-x64': 0.27.4
      '@esbuild/openbsd-arm64': 0.27.4
      '@esbuild/openbsd-x64': 0.27.4
      '@esbuild/openharmony-arm64': 0.27.4
      '@esbuild/sunos-x64': 0.27.4
      '@esbuild/win32-arm64': 0.27.4
      '@esbuild/win32-ia32': 0.27.4
      '@esbuild/win32-x64': 0.27.4

  escape-html@1.0.3: {}

  etag@1.8.1: {}

  eventsource-parser@3.0.6: {}

  eventsource@3.0.7:
    dependencies:
      eventsource-parser: 3.0.6

  express-rate-limit@8.3.1(express@5.2.1):
    dependencies:
      express: 5.2.1
      ip-address: 10.1.0

  express@5.2.1:
    dependencies:
      accepts: 2.0.0
      body-parser: 2.2.2
      content-disposition: 1.0.1
      content-type: 1.0.5
      cookie: 0.7.2
      cookie-signature: 1.2.2
      debug: 4.4.3
      depd: 2.0.0
      encodeurl: 2.0.0
      escape-html: 1.0.3
      etag: 1.8.1
      finalhandler: 2.1.1
      fresh: 2.0.0
      http-errors: 2.0.1
      merge-descriptors: 2.0.0
      mime-types: 3.0.2
      on-finished: 2.4.1
      once: 1.4.0
      parseurl: 1.3.3
      proxy-addr: 2.0.7
      qs: 6.15.0
      range-parser: 1.2.1
      router: 2.2.0
      send: 1.2.1
      serve-static: 2.2.1
      statuses: 2.0.2
      type-is: 2.0.1
      vary: 1.1.2
    transitivePeerDependencies:
      - supports-color

  fast-deep-equal@3.1.3: {}

  fast-uri@3.1.0: {}

  finalhandler@2.1.1:
    dependencies:
      debug: 4.4.3
      encodeurl: 2.0.0
      escape-html: 1.0.3
      on-finished: 2.4.1
      parseurl: 1.3.3
      statuses: 2.0.2
    transitivePeerDependencies:
      - supports-color

  forwarded@0.2.0: {}

  fresh@2.0.0: {}

  fsevents@2.3.3:
    optional: true

  function-bind@1.1.2: {}

  get-intrinsic@1.3.0:
    dependencies:
      call-bind-apply-helpers: 1.0.2
      es-define-property: 1.0.1
      es-errors: 1.3.0
      es-object-atoms: 1.1.1
      function-bind: 1.1.2
      get-proto: 1.0.1
      gopd: 1.2.0
      has-symbols: 1.1.0
      hasown: 2.0.2
      math-intrinsics: 1.1.0

  get-proto@1.0.1:
    dependencies:
      dunder-proto: 1.0.1
      es-object-atoms: 1.1.1

  get-tsconfig@4.13.7:
    dependencies:
      resolve-pkg-maps: 1.0.0

  gopd@1.2.0: {}

  has-symbols@1.1.0: {}

  hasown@2.0.2:
    dependencies:
      function-bind: 1.1.2

  hono@4.12.10: {}

  http-errors@2.0.1:
    dependencies:
      depd: 2.0.0
      inherits: 2.0.4
      setprototypeof: 1.2.0
      statuses: 2.0.2
      toidentifier: 1.0.1

  iconv-lite@0.7.2:
    dependencies:
      safer-buffer: 2.1.2

  inherits@2.0.4: {}

  ip-address@10.1.0: {}

  ipaddr.js@1.9.1: {}

  is-promise@4.0.0: {}

  isexe@2.0.0: {}

  jose@6.2.2: {}

  json-schema-traverse@1.0.0: {}

  json-schema-typed@8.0.2: {}

  math-intrinsics@1.1.0: {}

  media-typer@1.1.0: {}

  merge-descriptors@2.0.0: {}

  mime-db@1.54.0: {}

  mime-types@3.0.2:
    dependencies:
      mime-db: 1.54.0

  ms@2.1.3: {}

  negotiator@1.0.0: {}

  object-assign@4.1.1: {}

  object-inspect@1.13.4: {}

  on-finished@2.4.1:
    dependencies:
      ee-first: 1.1.1

  once@1.4.0:
    dependencies:
      wrappy: 1.0.2

  parseurl@1.3.3: {}

  path-key@3.1.1: {}

  path-to-regexp@8.4.1: {}

  pkce-challenge@5.0.1: {}

  proxy-addr@2.0.7:
    dependencies:
      forwarded: 0.2.0
      ipaddr.js: 1.9.1

  qs@6.15.0:
    dependencies:
      side-channel: 1.1.0

  range-parser@1.2.1: {}

  raw-body@3.0.2:
    dependencies:
      bytes: 3.1.2
      http-errors: 2.0.1
      iconv-lite: 0.7.2
      unpipe: 1.0.0

  require-from-string@2.0.2: {}

  resolve-pkg-maps@1.0.0: {}

  router@2.2.0:
    dependencies:
      debug: 4.4.3
      depd: 2.0.0
      is-promise: 4.0.0
      parseurl: 1.3.3
      path-to-regexp: 8.4.1
    transitivePeerDependencies:
      - supports-color

  safer-buffer@2.1.2: {}

  send@1.2.1:
    dependencies:
      debug: 4.4.3
      encodeurl: 2.0.0
      escape-html: 1.0.3
      etag: 1.8.1
      fresh: 2.0.0
      http-errors: 2.0.1
      mime-types: 3.0.2
      ms: 2.1.3
      on-finished: 2.4.1
      range-parser: 1.2.1
      statuses: 2.0.2
    transitivePeerDependencies:
      - supports-color

  serve-static@2.2.1:
    dependencies:
      encodeurl: 2.0.0
      escape-html: 1.0.3
      parseurl: 1.3.3
      send: 1.2.1
    transitivePeerDependencies:
      - supports-color

  setprototypeof@1.2.0: {}

  shebang-command@2.0.0:
    dependencies:
      shebang-regex: 3.0.0

  shebang-regex@3.0.0: {}

  side-channel-list@1.0.0:
    dependencies:
      es-errors: 1.3.0
      object-inspect: 1.13.4

  side-channel-map@1.0.1:
    dependencies:
      call-bound: 1.0.4
      es-errors: 1.3.0
      get-intrinsic: 1.3.0
      object-inspect: 1.13.4

  side-channel-weakmap@1.0.2:
    dependencies:
      call-bound: 1.0.4
      es-errors: 1.3.0
      get-intrinsic: 1.3.0
      object-inspect: 1.13.4
      side-channel-map: 1.0.1

  side-channel@1.1.0:
    dependencies:
      es-errors: 1.3.0
      object-inspect: 1.13.4
      side-channel-list: 1.0.0
      side-channel-map: 1.0.1
      side-channel-weakmap: 1.0.2

  statuses@2.0.2: {}

  toidentifier@1.0.1: {}

  tsx@4.21.0:
    dependencies:
      esbuild: 0.27.4
      get-tsconfig: 4.13.7
    optionalDependencies:
      fsevents: 2.3.3

  type-is@2.0.1:
    dependencies:
      content-type: 1.0.5
      media-typer: 1.1.0
      mime-types: 3.0.2

  typescript@5.9.3: {}

  undici-types@6.21.0: {}

  unpipe@1.0.0: {}

  vary@1.1.2: {}

  which@2.0.2:
    dependencies:
      isexe: 2.0.0

  wrappy@1.0.2: {}

  zod-to-json-schema@3.25.2(zod@4.3.6):
    dependencies:
      zod: 4.3.6

  zod@4.3.6: {}
